
Microsoft Visual Studio Solution File, Format Version 12.00
# Visual Studio Version 16
VisualStudioVersion = 16.0.31019.35
MinimumVisualStudioVersion = 10.0.40219.1
Project("{FAE04EC0-301F-11D3-BF4B-00C04F79EFBC}") = "ROCKPAPERSCISSORS", "ROCKPAPERSCISSORS.csproj", "{BD28BF5C-B091-49F2-972A-B2BD5B9106FF}"
EndProject
Global
	GlobalSection(SolutionConfigurationPlatforms) = preSolution
		Debug|Any CPU = Debug|Any CPU
		Release|Any CPU = Release|Any CPU
	EndGlobalSection
	GlobalSection(ProjectConfigurationPlatforms) = postSolution
		{BD28BF5C-B091-49F2-972A-B2BD5B9106FF}.Debug|Any CPU.ActiveCfg = Debug|Any CPU
		{BD28BF5C-B091-49F2-972A-B2BD5B9106FF}.Debug|Any CPU.Build.0 = Debug|Any CPU
		{BD28BF5C-B091-49F2-972A-B2BD5B9106FF}.Release|Any CPU.ActiveCfg = Release|Any CPU
		{BD28BF5C-B091-49F2-972A-B2BD5B9106FF}.Release|Any CPU.Build.0 = Release|Any CPU
	EndGlobalSection
	GlobalSection(SolutionProperties) = preSolution
		HideSolutionNode = FALSE
	EndGlobalSection
	GlobalSection(ExtensibilityGlobals) = postSolution
		SolutionGuid = {A1F0A737-0C30-4585-9E76-1DD6E69402FE}
	EndGlobalSection
EndGlobal
